// !$*UTF8*$!
{
	archiveVersion = 1;
	classes = {
	};
	objectVersion = 46;
	objects = {

/* Begin PBXBuildFile section */
		2802C9F11B8E34E600EAD064 /* IngredientSelectionViewCell.swift in Sources */ = {isa = PBXBuildFile; fileRef = 2802C9F01B8E34E600EAD064 /* IngredientSelectionViewCell.swift */; };
		281159BD1B7F3577005DC26E /* PaginatedScrollView.swift in Sources */ = {isa = PBXBuildFile; fileRef = 281159BC1B7F3577005DC26E /* PaginatedScrollView.swift */; };
		28579CFA1B7AAFBA0099A270 /* AppDelegate.swift in Sources */ = {isa = PBXBuildFile; fileRef = 28579CF91B7AAFBA0099A270 /* AppDelegate.swift */; };
		28579CFF1B7AAFBA0099A270 /* Main.storyboard in Resources */ = {isa = PBXBuildFile; fileRef = 28579CFD1B7AAFBA0099A270 /* Main.storyboard */; };
		28579D011B7AAFBA0099A270 /* Images.xcassets in Resources */ = {isa = PBXBuildFile; fileRef = 28579D001B7AAFBA0099A270 /* Images.xcassets */; };
		28579D041B7AAFBA0099A270 /* LaunchScreen.xib in Resources */ = {isa = PBXBuildFile; fileRef = 28579D021B7AAFBA0099A270 /* LaunchScreen.xib */; };
		28579D101B7AAFBA0099A270 /* CraveFinalTests.swift in Sources */ = {isa = PBXBuildFile; fileRef = 28579D0F1B7AAFBA0099A270 /* CraveFinalTests.swift */; };
		28579D271B7AB4E20099A270 /* Storyboard.swift in Sources */ = {isa = PBXBuildFile; fileRef = 28579D261B7AB4E20099A270 /* Storyboard.swift */; };
		28579D2B1B7AB5150099A270 /* MealObject.swift in Sources */ = {isa = PBXBuildFile; fileRef = 28579D2A1B7AB5150099A270 /* MealObject.swift */; };
		28579D311B7AB5510099A270 /* PlateTableViewCell.swift in Sources */ = {isa = PBXBuildFile; fileRef = 28579D301B7AB5510099A270 /* PlateTableViewCell.swift */; };
		28579D371B7AB58C0099A270 /* PlateViewController.swift in Sources */ = {isa = PBXBuildFile; fileRef = 28579D361B7AB58C0099A270 /* PlateViewController.swift */; };
		28579D3B1B7AB5B60099A270 /* ResultsViewController.swift in Sources */ = {isa = PBXBuildFile; fileRef = 28579D3A1B7AB5B60099A270 /* ResultsViewController.swift */; };
		28838DD21B84DF37004E0BF2 /* CategoryCollectionViewCell.swift in Sources */ = {isa = PBXBuildFile; fileRef = 28838DD11B84DF37004E0BF2 /* CategoryCollectionViewCell.swift */; };
		28838DD41B84E630004E0BF2 /* MealCollection.swift in Sources */ = {isa = PBXBuildFile; fileRef = 28838DD31B84E630004E0BF2 /* MealCollection.swift */; };
		2897C82B1B94E57600A65222 /* RootViewController.swift in Sources */ = {isa = PBXBuildFile; fileRef = 2897C82A1B94E57600A65222 /* RootViewController.swift */; };
		2897C82D1B94E59200A65222 /* DataViewController.swift in Sources */ = {isa = PBXBuildFile; fileRef = 2897C82C1B94E59200A65222 /* DataViewController.swift */; };
		2897C82F1B950B0C00A65222 /* ModelController.swift in Sources */ = {isa = PBXBuildFile; fileRef = 2897C82E1B950B0C00A65222 /* ModelController.swift */; };
		2897C8311B95107900A65222 /* Z0133GNPXT.jpg in Resources */ = {isa = PBXBuildFile; fileRef = 2897C8301B95107900A65222 /* Z0133GNPXT.jpg */; };
		2897C8331B951A3A00A65222 /* CategoryViewController.swift in Sources */ = {isa = PBXBuildFile; fileRef = 2897C8321B951A3A00A65222 /* CategoryViewController.swift */; };
		2897C8351B951B8E00A65222 /* CategoryTableViewCell.swift in Sources */ = {isa = PBXBuildFile; fileRef = 2897C8341B951B8E00A65222 /* CategoryTableViewCell.swift */; };
		28FE15A91B8E33CF00DB48FB /* IngredientSelectionViewController.swift in Sources */ = {isa = PBXBuildFile; fileRef = 28FE15A81B8E33CF00DB48FB /* IngredientSelectionViewController.swift */; };
		B132F746385B6E5CA8007271 /* Pods_CraveFinal.framework in Frameworks */ = {isa = PBXBuildFile; fileRef = 5A8F99719EFDFF94ED7AC894 /* Pods_CraveFinal.framework */; settings = {ATTRIBUTES = (Weak, ); }; };
/* End PBXBuildFile section */

/* Begin PBXContainerItemProxy section */
		28579D0A1B7AAFBA0099A270 /* PBXContainerItemProxy */ = {
			isa = PBXContainerItemProxy;
			containerPortal = 28579CEC1B7AAFBA0099A270 /* Project object */;
			proxyType = 1;
			remoteGlobalIDString = 28579CF31B7AAFBA0099A270;
			remoteInfo = CraveFinal;
		};
/* End PBXContainerItemProxy section */

/* Begin PBXFileReference section */
		2802C9F01B8E34E600EAD064 /* IngredientSelectionViewCell.swift */ = {isa = PBXFileReference; fileEncoding = 4; lastKnownFileType = sourcecode.swift; path = IngredientSelectionViewCell.swift; sourceTree = "<group>"; };
		281159BC1B7F3577005DC26E /* PaginatedScrollView.swift */ = {isa = PBXFileReference; fileEncoding = 4; lastKnownFileType = sourcecode.swift; path = PaginatedScrollView.swift; sourceTree = "<group>"; };
		28579CF41B7AAFBA0099A270 /* CraveFinal.app */ = {isa = PBXFileReference; explicitFileType = wrapper.application; includeInIndex = 0; path = CraveFinal.app; sourceTree = BUILT_PRODUCTS_DIR; };
		28579CF81B7AAFBA0099A270 /* Info.plist */ = {isa = PBXFileReference; lastKnownFileType = text.plist.xml; path = Info.plist; sourceTree = "<group>"; };
		28579CF91B7AAFBA0099A270 /* AppDelegate.swift */ = {isa = PBXFileReference; lastKnownFileType = sourcecode.swift; path = AppDelegate.swift; sourceTree = "<group>"; };
		28579CFE1B7AAFBA0099A270 /* Base */ = {isa = PBXFileReference; lastKnownFileType = file.storyboard; name = Base; path = Base.lproj/Main.storyboard; sourceTree = "<group>"; };
		28579D001B7AAFBA0099A270 /* Images.xcassets */ = {isa = PBXFileReference; lastKnownFileType = folder.assetcatalog; path = Images.xcassets; sourceTree = "<group>"; };
		28579D031B7AAFBA0099A270 /* Base */ = {isa = PBXFileReference; lastKnownFileType = file.xib; name = Base; path = Base.lproj/LaunchScreen.xib; sourceTree = "<group>"; };
		28579D091B7AAFBA0099A270 /* CraveFinalTests.xctest */ = {isa = PBXFileReference; explicitFileType = wrapper.cfbundle; includeInIndex = 0; path = CraveFinalTests.xctest; sourceTree = BUILT_PRODUCTS_DIR; };
		28579D0E1B7AAFBA0099A270 /* Info.plist */ = {isa = PBXFileReference; lastKnownFileType = text.plist.xml; path = Info.plist; sourceTree = "<group>"; };
		28579D0F1B7AAFBA0099A270 /* CraveFinalTests.swift */ = {isa = PBXFileReference; lastKnownFileType = sourcecode.swift; path = CraveFinalTests.swift; sourceTree = "<group>"; };
		28579D261B7AB4E20099A270 /* Storyboard.swift */ = {isa = PBXFileReference; fileEncoding = 4; lastKnownFileType = sourcecode.swift; path = Storyboard.swift; sourceTree = "<group>"; };
		28579D2A1B7AB5150099A270 /* MealObject.swift */ = {isa = PBXFileReference; fileEncoding = 4; lastKnownFileType = sourcecode.swift; name = MealObject.swift; path = ../Models/MealObject.swift; sourceTree = "<group>"; };
		28579D301B7AB5510099A270 /* PlateTableViewCell.swift */ = {isa = PBXFileReference; fileEncoding = 4; lastKnownFileType = sourcecode.swift; path = PlateTableViewCell.swift; sourceTree = "<group>"; };
		28579D361B7AB58C0099A270 /* PlateViewController.swift */ = {isa = PBXFileReference; fileEncoding = 4; lastKnownFileType = sourcecode.swift; path = PlateViewController.swift; sourceTree = "<group>"; };
		28579D3A1B7AB5B60099A270 /* ResultsViewController.swift */ = {isa = PBXFileReference; fileEncoding = 4; lastKnownFileType = sourcecode.swift; path = ResultsViewController.swift; sourceTree = "<group>"; };
		28838DD11B84DF37004E0BF2 /* CategoryCollectionViewCell.swift */ = {isa = PBXFileReference; fileEncoding = 4; lastKnownFileType = sourcecode.swift; path = CategoryCollectionViewCell.swift; sourceTree = "<group>"; };
		28838DD31B84E630004E0BF2 /* MealCollection.swift */ = {isa = PBXFileReference; fileEncoding = 4; lastKnownFileType = sourcecode.swift; path = MealCollection.swift; sourceTree = "<group>"; };
		2897C82A1B94E57600A65222 /* RootViewController.swift */ = {isa = PBXFileReference; fileEncoding = 4; lastKnownFileType = sourcecode.swift; path = RootViewController.swift; sourceTree = "<group>"; };
		2897C82C1B94E59200A65222 /* DataViewController.swift */ = {isa = PBXFileReference; fileEncoding = 4; lastKnownFileType = sourcecode.swift; path = DataViewController.swift; sourceTree = "<group>"; };
		2897C82E1B950B0C00A65222 /* ModelController.swift */ = {isa = PBXFileReference; fileEncoding = 4; lastKnownFileType = sourcecode.swift; path = ModelController.swift; sourceTree = "<group>"; };
		2897C8301B95107900A65222 /* Z0133GNPXT.jpg */ = {isa = PBXFileReference; lastKnownFileType = image.jpeg; path = Z0133GNPXT.jpg; sourceTree = "<group>"; };
		2897C8321B951A3A00A65222 /* CategoryViewController.swift */ = {isa = PBXFileReference; fileEncoding = 4; lastKnownFileType = sourcecode.swift; path = CategoryViewController.swift; sourceTree = "<group>"; };
		2897C8341B951B8E00A65222 /* CategoryTableViewCell.swift */ = {isa = PBXFileReference; fileEncoding = 4; lastKnownFileType = sourcecode.swift; path = CategoryTableViewCell.swift; sourceTree = "<group>"; };
		28FE15A81B8E33CF00DB48FB /* IngredientSelectionViewController.swift */ = {isa = PBXFileReference; fileEncoding = 4; lastKnownFileType = sourcecode.swift; path = IngredientSelectionViewController.swift; sourceTree = "<group>"; };
		5195CB371D4B1C4AF968886E /* Pods-CraveFinal.release.xcconfig */ = {isa = PBXFileReference; includeInIndex = 1; lastKnownFileType = text.xcconfig; name = "Pods-CraveFinal.release.xcconfig"; path = "Pods/Target Support Files/Pods-CraveFinal/Pods-CraveFinal.release.xcconfig"; sourceTree = "<group>"; };
		5A8F99719EFDFF94ED7AC894 /* Pods_CraveFinal.framework */ = {isa = PBXFileReference; explicitFileType = wrapper.framework; includeInIndex = 0; path = Pods_CraveFinal.framework; sourceTree = BUILT_PRODUCTS_DIR; };
		EB568C0F2A9E5158D230F67C /* Pods-CraveFinal.debug.xcconfig */ = {isa = PBXFileReference; includeInIndex = 1; lastKnownFileType = text.xcconfig; name = "Pods-CraveFinal.debug.xcconfig"; path = "Pods/Target Support Files/Pods-CraveFinal/Pods-CraveFinal.debug.xcconfig"; sourceTree = "<group>"; };
/* End PBXFileReference section */

/* Begin PBXFrameworksBuildPhase section */
		28579CF11B7AAFBA0099A270 /* Frameworks */ = {
			isa = PBXFrameworksBuildPhase;
			buildActionMask = 2147483647;
			files = (
				B132F746385B6E5CA8007271 /* Pods_CraveFinal.framework in Frameworks */,
			);
			runOnlyForDeploymentPostprocessing = 0;
		};
		28579D061B7AAFBA0099A270 /* Frameworks */ = {
			isa = PBXFrameworksBuildPhase;
			buildActionMask = 2147483647;
			files = (
			);
			runOnlyForDeploymentPostprocessing = 0;
		};
/* End PBXFrameworksBuildPhase section */

/* Begin PBXGroup section */
		28579CEB1B7AAFBA0099A270 = {
			isa = PBXGroup;
			children = (
				28579CF61B7AAFBA0099A270 /* CraveFinal */,
				28579D0C1B7AAFBA0099A270 /* CraveFinalTests */,
				28579CF51B7AAFBA0099A270 /* Products */,
				BF663E0A334825689FD68484 /* Pods */,
				A3DB369B3066C56BC27963C8 /* Frameworks */,
			);
			sourceTree = "<group>";
		};
		28579CF51B7AAFBA0099A270 /* Products */ = {
			isa = PBXGroup;
			children = (
				28579CF41B7AAFBA0099A270 /* CraveFinal.app */,
				28579D091B7AAFBA0099A270 /* CraveFinalTests.xctest */,
			);
			name = Products;
			sourceTree = "<group>";
		};
		28579CF61B7AAFBA0099A270 /* CraveFinal */ = {
			isa = PBXGroup;
			children = (
				28579D1B1B7AB3740099A270 /* View Controllers */,
				28579D1C1B7AB3A90099A270 /* ViewCells */,
				28D48F861B7B3B1A00E459D8 /* Data Model */,
				28579D1D1B7AB3B60099A270 /* Helpers */,
				28579CF91B7AAFBA0099A270 /* AppDelegate.swift */,
				2897C8301B95107900A65222 /* Z0133GNPXT.jpg */,
				28579CFD1B7AAFBA0099A270 /* Main.storyboard */,
				28579D001B7AAFBA0099A270 /* Images.xcassets */,
				28579D021B7AAFBA0099A270 /* LaunchScreen.xib */,
				28579CF71B7AAFBA0099A270 /* Supporting Files */,
			);
			path = CraveFinal;
			sourceTree = "<group>";
		};
		28579CF71B7AAFBA0099A270 /* Supporting Files */ = {
			isa = PBXGroup;
			children = (
				28579CF81B7AAFBA0099A270 /* Info.plist */,
			);
			name = "Supporting Files";
			sourceTree = "<group>";
		};
		28579D0C1B7AAFBA0099A270 /* CraveFinalTests */ = {
			isa = PBXGroup;
			children = (
				28579D0F1B7AAFBA0099A270 /* CraveFinalTests.swift */,
				28579D0D1B7AAFBA0099A270 /* Supporting Files */,
			);
			path = CraveFinalTests;
			sourceTree = "<group>";
		};
		28579D0D1B7AAFBA0099A270 /* Supporting Files */ = {
			isa = PBXGroup;
			children = (
				28579D0E1B7AAFBA0099A270 /* Info.plist */,
			);
			name = "Supporting Files";
			sourceTree = "<group>";
		};
		28579D1B1B7AB3740099A270 /* View Controllers */ = {
			isa = PBXGroup;
			children = (
				28579D361B7AB58C0099A270 /* PlateViewController.swift */,
				28579D3A1B7AB5B60099A270 /* ResultsViewController.swift */,
				28FE15A81B8E33CF00DB48FB /* IngredientSelectionViewController.swift */,
				2897C8321B951A3A00A65222 /* CategoryViewController.swift */,
				2897C82A1B94E57600A65222 /* RootViewController.swift */,
				2897C82C1B94E59200A65222 /* DataViewController.swift */,
				2897C82E1B950B0C00A65222 /* ModelController.swift */,
			);
			path = "View Controllers";
			sourceTree = "<group>";
		};
		28579D1C1B7AB3A90099A270 /* ViewCells */ = {
			isa = PBXGroup;
			children = (
				28579D301B7AB5510099A270 /* PlateTableViewCell.swift */,
				28838DD11B84DF37004E0BF2 /* CategoryCollectionViewCell.swift */,
				28838DD31B84E630004E0BF2 /* MealCollection.swift */,
				2802C9F01B8E34E600EAD064 /* IngredientSelectionViewCell.swift */,
				2897C8341B951B8E00A65222 /* CategoryTableViewCell.swift */,
			);
			path = ViewCells;
			sourceTree = "<group>";
		};
		28579D1D1B7AB3B60099A270 /* Helpers */ = {
			isa = PBXGroup;
			children = (
				28579D261B7AB4E20099A270 /* Storyboard.swift */,
				281159BC1B7F3577005DC26E /* PaginatedScrollView.swift */,
			);
			path = Helpers;
			sourceTree = "<group>";
		};
		28D48F861B7B3B1A00E459D8 /* Data Model */ = {
			isa = PBXGroup;
			children = (
				28579D2A1B7AB5150099A270 /* MealObject.swift */,
			);
			name = "Data Model";
			path = "Realm Objects";
			sourceTree = "<group>";
		};
		A3DB369B3066C56BC27963C8 /* Frameworks */ = {
			isa = PBXGroup;
			children = (
				5A8F99719EFDFF94ED7AC894 /* Pods_CraveFinal.framework */,
			);
			name = Frameworks;
			sourceTree = "<group>";
		};
		BF663E0A334825689FD68484 /* Pods */ = {
			isa = PBXGroup;
			children = (
				EB568C0F2A9E5158D230F67C /* Pods-CraveFinal.debug.xcconfig */,
				5195CB371D4B1C4AF968886E /* Pods-CraveFinal.release.xcconfig */,
			);
			name = Pods;
			sourceTree = "<group>";
		};
/* End PBXGroup section */

/* Begin PBXNativeTarget section */
		28579CF31B7AAFBA0099A270 /* CraveFinal */ = {
			isa = PBXNativeTarget;
			buildConfigurationList = 28579D131B7AAFBA0099A270 /* Build configuration list for PBXNativeTarget "CraveFinal" */;
			buildPhases = (
				07FEB7D8646F2ADFE1E90EFC /* Check Pods Manifest.lock */,
				28579CF01B7AAFBA0099A270 /* Sources */,
				28579CF11B7AAFBA0099A270 /* Frameworks */,
				28579CF21B7AAFBA0099A270 /* Resources */,
				2C7D79D651B97D5FC8158831 /* Embed Pods Frameworks */,
				644F5DAB736260FA0489804B /* Copy Pods Resources */,
			);
			buildRules = (
			);
			dependencies = (
			);
			name = CraveFinal;
			productName = CraveFinal;
			productReference = 28579CF41B7AAFBA0099A270 /* CraveFinal.app */;
			productType = "com.apple.product-type.application";
		};
		28579D081B7AAFBA0099A270 /* CraveFinalTests */ = {
			isa = PBXNativeTarget;
			buildConfigurationList = 28579D161B7AAFBA0099A270 /* Build configuration list for PBXNativeTarget "CraveFinalTests" */;
			buildPhases = (
				28579D051B7AAFBA0099A270 /* Sources */,
				28579D061B7AAFBA0099A270 /* Frameworks */,
				28579D071B7AAFBA0099A270 /* Resources */,
			);
			buildRules = (
			);
			dependencies = (
				28579D0B1B7AAFBA0099A270 /* PBXTargetDependency */,
			);
			name = CraveFinalTests;
			productName = CraveFinalTests;
			productReference = 28579D091B7AAFBA0099A270 /* CraveFinalTests.xctest */;
			productType = "com.apple.product-type.bundle.unit-test";
		};
/* End PBXNativeTarget section */

/* Begin PBXProject section */
		28579CEC1B7AAFBA0099A270 /* Project object */ = {
			isa = PBXProject;
			attributes = {
				LastUpgradeCheck = 0640;
				ORGANIZATIONNAME = "Sarthak Khillon";
				TargetAttributes = {
					28579CF31B7AAFBA0099A270 = {
						CreatedOnToolsVersion = 6.4;
						DevelopmentTeam = KAE97MM9RT;
					};
					28579D081B7AAFBA0099A270 = {
						CreatedOnToolsVersion = 6.4;
						TestTargetID = 28579CF31B7AAFBA0099A270;
					};
				};
			};
			buildConfigurationList = 28579CEF1B7AAFBA0099A270 /* Build configuration list for PBXProject "CraveFinal" */;
			compatibilityVersion = "Xcode 3.2";
			developmentRegion = English;
			hasScannedForEncodings = 0;
			knownRegions = (
				en,
				Base,
			);
			mainGroup = 28579CEB1B7AAFBA0099A270;
			productRefGroup = 28579CF51B7AAFBA0099A270 /* Products */;
			projectDirPath = "";
			projectRoot = "";
			targets = (
				28579CF31B7AAFBA0099A270 /* CraveFinal */,
				28579D081B7AAFBA0099A270 /* CraveFinalTests */,
			);
		};
/* End PBXProject section */

/* Begin PBXResourcesBuildPhase section */
		28579CF21B7AAFBA0099A270 /* Resources */ = {
			isa = PBXResourcesBuildPhase;
			buildActionMask = 2147483647;
			files = (
				28579CFF1B7AAFBA0099A270 /* Main.storyboard in Resources */,
				28579D041B7AAFBA0099A270 /* LaunchScreen.xib in Resources */,
				28579D011B7AAFBA0099A270 /* Images.xcassets in Resources */,
				2897C8311B95107900A65222 /* Z0133GNPXT.jpg in Resources */,
			);
			runOnlyForDeploymentPostprocessing = 0;
		};
		28579D071B7AAFBA0099A270 /* Resources */ = {
			isa = PBXResourcesBuildPhase;
			buildActionMask = 2147483647;
			files = (
			);
			runOnlyForDeploymentPostprocessing = 0;
		};
/* End PBXResourcesBuildPhase section */

/* Begin PBXShellScriptBuildPhase section */
		07FEB7D8646F2ADFE1E90EFC /* Check Pods Manifest.lock */ = {
			isa = PBXShellScriptBuildPhase;
			buildActionMask = 2147483647;
			files = (
			);
			inputPaths = (
			);
			name = "Check Pods Manifest.lock";
			outputPaths = (
			);
			runOnlyForDeploymentPostprocessing = 0;
			shellPath = /bin/sh;
			shellScript = "diff \"${PODS_ROOT}/../Podfile.lock\" \"${PODS_ROOT}/Manifest.lock\" > /dev/null\nif [[ $? != 0 ]] ; then\n    cat << EOM\nerror: The sandbox is not in sync with the Podfile.lock. Run 'pod install' or update your CocoaPods installation.\nEOM\n    exit 1\nfi\n";
			showEnvVarsInLog = 0;
		};
		2C7D79D651B97D5FC8158831 /* Embed Pods Frameworks */ = {
			isa = PBXShellScriptBuildPhase;
			buildActionMask = 2147483647;
			files = (
			);
			inputPaths = (
			);
			name = "Embed Pods Frameworks";
			outputPaths = (
			);
			runOnlyForDeploymentPostprocessing = 0;
			shellPath = /bin/sh;
			shellScript = "\"${SRCROOT}/Pods/Target Support Files/Pods-CraveFinal/Pods-CraveFinal-frameworks.sh\"\n";
			showEnvVarsInLog = 0;
		};
		644F5DAB736260FA0489804B /* Copy Pods Resources */ = {
			isa = PBXShellScriptBuildPhase;
			buildActionMask = 2147483647;
			files = (
			);
			inputPaths = (
			);
			name = "Copy Pods Resources";
			outputPaths = (
			);
			runOnlyForDeploymentPostprocessing = 0;
			shellPath = /bin/sh;
			shellScript = "\"${SRCROOT}/Pods/Target Support Files/Pods-CraveFinal/Pods-CraveFinal-resources.sh\"\n";
			showEnvVarsInLog = 0;
		};
/* End PBXShellScriptBuildPhase section */

/* Begin PBXSourcesBuildPhase section */
		28579CF01B7AAFBA0099A270 /* Sources */ = {
			isa = PBXSourcesBuildPhase;
			buildActionMask = 2147483647;
			files = (
				28579D271B7AB4E20099A270 /* Storyboard.swift in Sources */,
				28FE15A91B8E33CF00DB48FB /* IngredientSelectionViewController.swift in Sources */,
				28579D3B1B7AB5B60099A270 /* ResultsViewController.swift in Sources */,
				28579D371B7AB58C0099A270 /* PlateViewController.swift in Sources */,
				2897C82B1B94E57600A65222 /* RootViewController.swift in Sources */,
				28579CFA1B7AAFBA0099A270 /* AppDelegate.swift in Sources */,
				2897C82F1B950B0C00A65222 /* ModelController.swift in Sources */,
				281159BD1B7F3577005DC26E /* PaginatedScrollView.swift in Sources */,
				28579D311B7AB5510099A270 /* PlateTableViewCell.swift in Sources */,
				28838DD41B84E630004E0BF2 /* MealCollection.swift in Sources */,
				2802C9F11B8E34E600EAD064 /* IngredientSelectionViewCell.swift in Sources */,
				2897C82D1B94E59200A65222 /* DataViewController.swift in Sources */,
				2897C8351B951B8E00A65222 /* CategoryTableViewCell.swift in Sources */,
				28579D2B1B7AB5150099A270 /* MealObject.swift in Sources */,
				2897C8331B951A3A00A65222 /* CategoryViewController.swift in Sources */,
				28838DD21B84DF37004E0BF2 /* CategoryCollectionViewCell.swift in Sources */,
			);
			runOnlyForDeploymentPostprocessing = 0;
		};
		28579D051B7AAFBA0099A270 /* Sources */ = {
			isa = PBXSourcesBuildPhase;
			buildActionMask = 2147483647;
			files = (
				28579D101B7AAFBA0099A270 /* CraveFinalTests.swift in Sources */,
			);
			runOnlyForDeploymentPostprocessing = 0;
		};
/* End PBXSourcesBuildPhase section */

/* Begin PBXTargetDependency section */
		28579D0B1B7AAFBA0099A270 /* PBXTargetDependency */ = {
			isa = PBXTargetDependency;
			target = 28579CF31B7AAFBA0099A270 /* CraveFinal */;
			targetProxy = 28579D0A1B7AAFBA0099A270 /* PBXContainerItemProxy */;
		};
/* End PBXTargetDependency section */

/* Begin PBXVariantGroup section */
		28579CFD1B7AAFBA0099A270 /* Main.storyboard */ = {
			isa = PBXVariantGroup;
			children = (
				28579CFE1B7AAFBA0099A270 /* Base */,
			);
			name = Main.storyboard;
			sourceTree = "<group>";
		};
		28579D021B7AAFBA0099A270 /* LaunchScreen.xib */ = {
			isa = PBXVariantGroup;
			children = (
				28579D031B7AAFBA0099A270 /* Base */,
			);
			name = LaunchScreen.xib;
			sourceTree = "<group>";
		};
/* End PBXVariantGroup section */

/* Begin XCBuildConfiguration section */
		28579D111B7AAFBA0099A270 /* Debug */ = {
			isa = XCBuildConfiguration;
			buildSettings = {
				ALWAYS_SEARCH_USER_PATHS = NO;
				CLANG_CXX_LANGUAGE_STANDARD = "gnu++0x";
				CLANG_CXX_LIBRARY = "libc++";
				CLANG_ENABLE_MODULES = YES;
				CLANG_ENABLE_OBJC_ARC = YES;
				CLANG_WARN_BOOL_CONVERSION = YES;
				CLANG_WARN_CONSTANT_CONVERSION = YES;
				CLANG_WARN_DIRECT_OBJC_ISA_USAGE = YES_ERROR;
				CLANG_WARN_EMPTY_BODY = YES;
				CLANG_WARN_ENUM_CONVERSION = YES;
				CLANG_WARN_INT_CONVERSION = YES;
				CLANG_WARN_OBJC_ROOT_CLASS = YES_ERROR;
				CLANG_WARN_UNREACHABLE_CODE = YES;
				CLANG_WARN__DUPLICATE_METHOD_MATCH = YES;
				"CODE_SIGN_IDENTITY[sdk=iphoneos*]" = "iPhone Developer";
				COPY_PHASE_STRIP = NO;
				DEBUG_INFORMATION_FORMAT = "dwarf-with-dsym";
				ENABLE_STRICT_OBJC_MSGSEND = YES;
				GCC_C_LANGUAGE_STANDARD = gnu99;
				GCC_DYNAMIC_NO_PIC = NO;
				GCC_NO_COMMON_BLOCKS = YES;
				GCC_OPTIMIZATION_LEVEL = 0;
				GCC_PREPROCESSOR_DEFINITIONS = (
					"DEBUG=1",
					"$(inherited)",
				);
				GCC_SYMBOLS_PRIVATE_EXTERN = NO;
				GCC_WARN_64_TO_32_BIT_CONVERSION = YES;
				GCC_WARN_ABOUT_RETURN_TYPE = YES_ERROR;
				GCC_WARN_UNDECLARED_SELECTOR = YES;
				GCC_WARN_UNINITIALIZED_AUTOS = YES_AGGRESSIVE;
				GCC_WARN_UNUSED_FUNCTION = YES;
				GCC_WARN_UNUSED_VARIABLE = YES;
				IPHONEOS_DEPLOYMENT_TARGET = 8.4;
				MTL_ENABLE_DEBUG_INFO = YES;
				ONLY_ACTIVE_ARCH = YES;
				SDKROOT = iphoneos;
				SWIFT_OPTIMIZATION_LEVEL = "-Onone";
				TARGETED_DEVICE_FAMILY = "1,2";
			};
			name = Debug;
		};
		28579D121B7AAFBA0099A270 /* Release */ = {
			isa = XCBuildConfiguration;
			buildSettings = {
				ALWAYS_SEARCH_USER_PATHS = NO;
				CLANG_CXX_LANGUAGE_STANDARD = "gnu++0x";
				CLANG_CXX_LIBRARY = "libc++";
				CLANG_ENABLE_MODULES = YES;
				CLANG_ENABLE_OBJC_ARC = YES;
				CLANG_WARN_BOOL_CONVERSION = YES;
				CLANG_WARN_CONSTANT_CONVERSION = YES;
				CLANG_WARN_DIRECT_OBJC_ISA_USAGE = YES_ERROR;
				CLANG_WARN_EMPTY_BODY = YES;
				CLANG_WARN_ENUM_CONVERSION = YES;
				CLANG_WARN_INT_CONVERSION = YES;
				CLANG_WARN_OBJC_ROOT_CLASS = YES_ERROR;
				CLANG_WARN_UNREACHABLE_CODE = YES;
				CLANG_WARN__DUPLICATE_METHOD_MATCH = YES;
				"CODE_SIGN_IDENTITY[sdk=iphoneos*]" = "iPhone Developer";
				COPY_PHASE_STRIP = NO;
				DEBUG_INFORMATION_FORMAT = "dwarf-with-dsym";
				ENABLE_NS_ASSERTIONS = NO;
				ENABLE_STRICT_OBJC_MSGSEND = YES;
				GCC_C_LANGUAGE_STANDARD = gnu99;
				GCC_NO_COMMON_BLOCKS = YES;
				GCC_WARN_64_TO_32_BIT_CONVERSION = YES;
				GCC_WARN_ABOUT_RETURN_TYPE = YES_ERROR;
				GCC_WARN_UNDECLARED_SELECTOR = YES;
				GCC_WARN_UNINITIALIZED_AUTOS = YES_AGGRESSIVE;
				GCC_WARN_UNUSED_FUNCTION = YES;
				GCC_WARN_UNUSED_VARIABLE = YES;
				IPHONEOS_DEPLOYMENT_TARGET = 8.4;
				MTL_ENABLE_DEBUG_INFO = NO;
				SDKROOT = iphoneos;
				TARGETED_DEVICE_FAMILY = "1,2";
				VALIDATE_PRODUCT = YES;
			};
			name = Release;
		};
		28579D141B7AAFBA0099A270 /* Debug */ = {
			isa = XCBuildConfiguration;
			baseConfigurationReference = EB568C0F2A9E5158D230F67C /* Pods-CraveFinal.debug.xcconfig */;
			buildSettings = {
				ASSETCATALOG_COMPILER_APPICON_NAME = AppIcon;
				CODE_SIGN_IDENTITY = "iPhone Developer";
				"CODE_SIGN_IDENTITY[sdk=iphoneos*]" = "iPhone Developer";
				INFOPLIST_FILE = CraveFinal/Info.plist;
				LD_RUNPATH_SEARCH_PATHS = "$(inherited) @executable_path/Frameworks";
				PRODUCT_NAME = "$(TARGET_NAME)";
				PROVISIONING_PROFILE = "";
				SWIFT_OBJC_BRIDGING_HEADER = "";
			};
			name = Debug;
		};
		28579D151B7AAFBA0099A270 /* Release */ = {
			isa = XCBuildConfiguration;
			baseConfigurationReference = 5195CB371D4B1C4AF968886E /* Pods-CraveFinal.release.xcconfig */;
			buildSettings = {
				ASSETCATALOG_COMPILER_APPICON_NAME = AppIcon;
				CODE_SIGN_IDENTITY = "iPhone Developer";
				"CODE_SIGN_IDENTITY[sdk=iphoneos*]" = "iPhone Developer";
				INFOPLIST_FILE = CraveFinal/Info.plist;
				LD_RUNPATH_SEARCH_PATHS = "$(inherited) @executable_path/Frameworks";
				PRODUCT_NAME = "$(TARGET_NAME)";
				PROVISIONING_PROFILE = "";
				SWIFT_OBJC_BRIDGING_HEADER = "";
			};
			name = Release;
		};
		28579D171B7AAFBA0099A270 /* Debug */ = {
			isa = XCBuildConfiguration;
			buildSettings = {
				BUNDLE_LOADER = "$(TEST_HOST)";
				FRAMEWORK_SEARCH_PATHS = "";
				GCC_PREPROCESSOR_DEFINITIONS = (
					"DEBUG=1",
					"$(inherited)",
				);
				INFOPLIST_FILE = CraveFinalTests/Info.plist;
				LD_RUNPATH_SEARCH_PATHS = "$(inherited) @executable_path/Frameworks @loader_path/Frameworks";
				PRODUCT_NAME = "$(TARGET_NAME)";
				TEST_HOST = "$(BUILT_PRODUCTS_DIR)/CraveFinal.app/CraveFinal";
			};
			name = Debug;
		};
		28579D181B7AAFBA0099A270 /* Release */ = {
			isa = XCBuildConfiguration;
			buildSettings = {
				BUNDLE_LOADER = "$(TEST_HOST)";
				FRAMEWORK_SEARCH_PATHS = "";
				INFOPLIST_FILE = CraveFinalTests/Info.plist;
				LD_RUNPATH_SEARCH_PATHS = "$(inherited) @executable_path/Frameworks @loader_path/Frameworks";
				PRODUCT_NAME = "$(TARGET_NAME)";
				TEST_HOST = "$(BUILT_PRODUCTS_DIR)/CraveFinal.app/CraveFinal";
			};
			name = Release;
		};
/* End XCBuildConfiguration section */

/* Begin XCConfigurationList section */
		28579CEF1B7AAFBA0099A270 /* Build configuration list for PBXProject "CraveFinal" */ = {
			isa = XCConfigurationList;
			buildConfigurations = (
				28579D111B7AAFBA0099A270 /* Debug */,
				28579D121B7AAFBA0099A270 /* Release */,
			);
			defaultConfigurationIsVisible = 0;
			defaultConfigurationName = Release;
		};
		28579D131B7AAFBA0099A270 /* Build configuration list for PBXNativeTarget "CraveFinal" */ = {
			isa = XCConfigurationList;
			buildConfigurations = (
				28579D141B7AAFBA0099A270 /* Debug */,
				28579D151B7AAFBA0099A270 /* Release */,
			);
			defaultConfigurationIsVisible = 0;
			defaultConfigurationName = Release;
		};
		28579D161B7AAFBA0099A270 /* Build configuration list for PBXNativeTarget "CraveFinalTests" */ = {
			isa = XCConfigurationList;
			buildConfigurations = (
				28579D171B7AAFBA0099A270 /* Debug */,
				28579D181B7AAFBA0099A270 /* Release */,
			);
			defaultConfigurationIsVisible = 0;
			defaultConfigurationName = Release;
		};
/* End XCConfigurationList section */
	};
	rootObject = 28579CEC1B7AAFBA0099A270 /* Project object */;
}
