// !$*UTF8*$!
{
	archiveVersion = 1;
	classes = {
	};
	objectVersion = 46;
	objects = {

/* Begin PBXBuildFile section */
		28579CFA1B7AAFBA0099A270 /* AppDelegate.swift in Sources */ = {isa = PBXBuildFile; fileRef = 28579CF91B7AAFBA0099A270 /* AppDelegate.swift */; };
		28579CFC1B7AAFBA0099A270 /* ViewController.swift in Sources */ = {isa = PBXBuildFile; fileRef = 28579CFB1B7AAFBA0099A270 /* ViewController.swift */; };
		28579CFF1B7AAFBA0099A270 /* Main.storyboard in Resources */ = {isa = PBXBuildFile; fileRef = 28579CFD1B7AAFBA0099A270 /* Main.storyboard */; };
		28579D011B7AAFBA0099A270 /* Images.xcassets in Resources */ = {isa = PBXBuildFile; fileRef = 28579D001B7AAFBA0099A270 /* Images.xcassets */; };
		28579D041B7AAFBA0099A270 /* LaunchScreen.xib in Resources */ = {isa = PBXBuildFile; fileRef = 28579D021B7AAFBA0099A270 /* LaunchScreen.xib */; };
		28579D101B7AAFBA0099A270 /* CraveFinalTests.swift in Sources */ = {isa = PBXBuildFile; fileRef = 28579D0F1B7AAFBA0099A270 /* CraveFinalTests.swift */; };
/* End PBXBuildFile section */

/* Begin PBXContainerItemProxy section */
		28579D0A1B7AAFBA0099A270 /* PBXContainerItemProxy */ = {
			isa = PBXContainerItemProxy;
			containerPortal = 28579CEC1B7AAFBA0099A270 /* Project object */;
			proxyType = 1;
			remoteGlobalIDString = 28579CF31B7AAFBA0099A270;
			remoteInfo = CraveFinal;
		};
/* End PBXContainerItemProxy section */

/* Begin PBXFileReference section */
		28579CF41B7AAFBA0099A270 /* CraveFinal.app */ = {isa = PBXFileReference; explicitFileType = wrapper.application; includeInIndex = 0; path = CraveFinal.app; sourceTree = BUILT_PRODUCTS_DIR; };
		28579CF81B7AAFBA0099A270 /* Info.plist */ = {isa = PBXFileReference; lastKnownFileType = text.plist.xml; path = Info.plist; sourceTree = "<group>"; };
		28579CF91B7AAFBA0099A270 /* AppDelegate.swift */ = {isa = PBXFileReference; lastKnownFileType = sourcecode.swift; path = AppDelegate.swift; sourceTree = "<group>"; };
		28579CFB1B7AAFBA0099A270 /* ViewController.swift */ = {isa = PBXFileReference; lastKnownFileType = sourcecode.swift; path = ViewController.swift; sourceTree = "<group>"; };
		28579CFE1B7AAFBA0099A270 /* Base */ = {isa = PBXFileReference; lastKnownFileType = file.storyboard; name = Base; path = Base.lproj/Main.storyboard; sourceTree = "<group>"; };
		28579D001B7AAFBA0099A270 /* Images.xcassets */ = {isa = PBXFileReference; lastKnownFileType = folder.assetcatalog; path = Images.xcassets; sourceTree = "<group>"; };
		28579D031B7AAFBA0099A270 /* Base */ = {isa = PBXFileReference; lastKnownFileType = file.xib; name = Base; path = Base.lproj/LaunchScreen.xib; sourceTree = "<group>"; };
		28579D091B7AAFBA0099A270 /* CraveFinalTests.xctest */ = {isa = PBXFileReference; explicitFileType = wrapper.cfbundle; includeInIndex = 0; path = CraveFinalTests.xctest; sourceTree = BUILT_PRODUCTS_DIR; };
		28579D0E1B7AAFBA0099A270 /* Info.plist */ = {isa = PBXFileReference; lastKnownFileType = text.plist.xml; path = Info.plist; sourceTree = "<group>"; };
		28579D0F1B7AAFBA0099A270 /* CraveFinalTests.swift */ = {isa = PBXFileReference; lastKnownFileType = sourcecode.swift; path = CraveFinalTests.swift; sourceTree = "<group>"; };
/* End PBXFileReference section */

/* Begin PBXFrameworksBuildPhase section */
		28579CF11B7AAFBA0099A270 /* Frameworks */ = {
			isa = PBXFrameworksBuildPhase;
			buildActionMask = 2147483647;
			files = (
			);
			runOnlyForDeploymentPostprocessing = 0;
		};
		28579D061B7AAFBA0099A270 /* Frameworks */ = {
			isa = PBXFrameworksBuildPhase;
			buildActionMask = 2147483647;
			files = (
			);
			runOnlyForDeploymentPostprocessing = 0;
		};
/* End PBXFrameworksBuildPhase section */

/* Begin PBXGroup section */
		28579CEB1B7AAFBA0099A270 = {
			isa = PBXGroup;
			children = (
				28579CF61B7AAFBA0099A270 /* CraveFinal */,
				28579D0C1B7AAFBA0099A270 /* CraveFinalTests */,
				28579CF51B7AAFBA0099A270 /* Products */,
			);
			sourceTree = "<group>";
		};
		28579CF51B7AAFBA0099A270 /* Products */ = {
			isa = PBXGroup;
			children = (
				28579CF41B7AAFBA0099A270 /* CraveFinal.app */,
				28579D091B7AAFBA0099A270 /* CraveFinalTests.xctest */,
			);
			name = Products;
			sourceTree = "<group>";
		};
		28579CF61B7AAFBA0099A270 /* CraveFinal */ = {
			isa = PBXGroup;
			children = (
				28579CF91B7AAFBA0099A270 /* AppDelegate.swift */,
				28579CFB1B7AAFBA0099A270 /* ViewController.swift */,
				28579CFD1B7AAFBA0099A270 /* Main.storyboard */,
				28579D001B7AAFBA0099A270 /* Images.xcassets */,
				28579D021B7AAFBA0099A270 /* LaunchScreen.xib */,
				28579CF71B7AAFBA0099A270 /* Supporting Files */,
			);
			path = CraveFinal;
			sourceTree = "<group>";
		};
		28579CF71B7AAFBA0099A270 /* Supporting Files */ = {
			isa = PBXGroup;
			children = (
				28579CF81B7AAFBA0099A270 /* Info.plist */,
			);
			name = "Supporting Files";
			sourceTree = "<group>";
		};
		28579D0C1B7AAFBA0099A270 /* CraveFinalTests */ = {
			isa = PBXGroup;
			children = (
				28579D0F1B7AAFBA0099A270 /* CraveFinalTests.swift */,
				28579D0D1B7AAFBA0099A270 /* Supporting Files */,
			);
			path = CraveFinalTests;
			sourceTree = "<group>";
		};
		28579D0D1B7AAFBA0099A270 /* Supporting Files */ = {
			isa = PBXGroup;
			children = (
				28579D0E1B7AAFBA0099A270 /* Info.plist */,
			);
			name = "Supporting Files";
			sourceTree = "<group>";
		};
/* End PBXGroup section */

/* Begin PBXNativeTarget section */
		28579CF31B7AAFBA0099A270 /* CraveFinal */ = {
			isa = PBXNativeTarget;
			buildConfigurationList = 28579D131B7AAFBA0099A270 /* Build configuration list for PBXNativeTarget "CraveFinal" */;
			buildPhases = (
				28579CF01B7AAFBA0099A270 /* Sources */,
				28579CF11B7AAFBA0099A270 /* Frameworks */,
				28579CF21B7AAFBA0099A270 /* Resources */,
			);
			buildRules = (
			);
			dependencies = (
			);
			name = CraveFinal;
			productName = CraveFinal;
			productReference = 28579CF41B7AAFBA0099A270 /* CraveFinal.app */;
			productType = "com.apple.product-type.application";
		};
		28579D081B7AAFBA0099A270 /* CraveFinalTests */ = {
			isa = PBXNativeTarget;
			buildConfigurationList = 28579D161B7AAFBA0099A270 /* Build configuration list for PBXNativeTarget "CraveFinalTests" */;
			buildPhases = (
				28579D051B7AAFBA0099A270 /* Sources */,
				28579D061B7AAFBA0099A270 /* Frameworks */,
				28579D071B7AAFBA0099A270 /* Resources */,
			);
			buildRules = (
			);
			dependencies = (
				28579D0B1B7AAFBA0099A270 /* PBXTargetDependency */,
			);
			name = CraveFinalTests;
			productName = CraveFinalTests;
			productReference = 28579D091B7AAFBA0099A270 /* CraveFinalTests.xctest */;
			productType = "com.apple.product-type.bundle.unit-test";
		};
/* End PBXNativeTarget section */

/* Begin PBXProject section */
		28579CEC1B7AAFBA0099A270 /* Project object */ = {
			isa = PBXProject;
			attributes = {
				LastUpgradeCheck = 0640;
				ORGANIZATIONNAME = "Sarthak Khillon";
				TargetAttributes = {
					28579CF31B7AAFBA0099A270 = {
						CreatedOnToolsVersion = 6.4;
					};
					28579D081B7AAFBA0099A270 = {
						CreatedOnToolsVersion = 6.4;
						TestTargetID = 28579CF31B7AAFBA0099A270;
					};
				};
			};
			buildConfigurationList = 28579CEF1B7AAFBA0099A270 /* Build configuration list for PBXProject "CraveFinal" */;
			compatibilityVersion = "Xcode 3.2";
			developmentRegion = English;
			hasScannedForEncodings = 0;
			knownRegions = (
				en,
				Base,
			);
			mainGroup = 28579CEB1B7AAFBA0099A270;
			productRefGroup = 28579CF51B7AAFBA0099A270 /* Products */;
			projectDirPath = "";
			projectRoot = "";
			targets = (
				28579CF31B7AAFBA0099A270 /* CraveFinal */,
				28579D081B7AAFBA0099A270 /* CraveFinalTests */,
			);
		};
/* End PBXProject section */

/* Begin PBXResourcesBuildPhase section */
		28579CF21B7AAFBA0099A270 /* Resources */ = {
			isa = PBXResourcesBuildPhase;
			buildActionMask = 2147483647;
			files = (
				28579CFF1B7AAFBA0099A270 /* Main.storyboard in Resources */,
				28579D041B7AAFBA0099A270 /* LaunchScreen.xib in Resources */,
				28579D011B7AAFBA0099A270 /* Images.xcassets in Resources */,
			);
			runOnlyForDeploymentPostprocessing = 0;
		};
		28579D071B7AAFBA0099A270 /* Resources */ = {
			isa = PBXResourcesBuildPhase;
			buildActionMask = 2147483647;
			files = (
			);
			runOnlyForDeploymentPostprocessing = 0;
		};
/* End PBXResourcesBuildPhase section */

/* Begin PBXSourcesBuildPhase section */
		28579CF01B7AAFBA0099A270 /* Sources */ = {
			isa = PBXSourcesBuildPhase;
			buildActionMask = 2147483647;
			files = (
				28579CFC1B7AAFBA0099A270 /* ViewController.swift in Sources */,
				28579CFA1B7AAFBA0099A270 /* AppDelegate.swift in Sources */,
			);
			runOnlyForDeploymentPostprocessing = 0;
		};
		28579D051B7AAFBA0099A270 /* Sources */ = {
			isa = PBXSourcesBuildPhase;
			buildActionMask = 2147483647;
			files = (
				28579D101B7AAFBA0099A270 /* CraveFinalTests.swift in Sources */,
			);
			runOnlyForDeploymentPostprocessing = 0;
		};
/* End PBXSourcesBuildPhase section */

/* Begin PBXTargetDependency section */
		28579D0B1B7AAFBA0099A270 /* PBXTargetDependency */ = {
			isa = PBXTargetDependency;
			target = 28579CF31B7AAFBA0099A270 /* CraveFinal */;
			targetProxy = 28579D0A1B7AAFBA0099A270 /* PBXContainerItemProxy */;
		};
/* End PBXTargetDependency section */

/* Begin PBXVariantGroup section */
		28579CFD1B7AAFBA0099A270 /* Main.storyboard */ = {
			isa = PBXVariantGroup;
			children = (
				28579CFE1B7AAFBA0099A270 /* Base */,
			);
			name = Main.storyboard;
			sourceTree = "<group>";
		};
		28579D021B7AAFBA0099A270 /* LaunchScreen.xib */ = {
			isa = PBXVariantGroup;
			children = (
				28579D031B7AAFBA0099A270 /* Base */,
			);
			name = LaunchScreen.xib;
			sourceTree = "<group>";
		};
/* End PBXVariantGroup section */

/* Begin XCBuildConfiguration section */
		28579D111B7AAFBA0099A270 /* Debug */ = {
			isa = XCBuildConfiguration;
			buildSettings = {
				ALWAYS_SEARCH_USER_PATHS = NO;
				CLANG_CXX_LANGUAGE_STANDARD = "gnu++0x";
				CLANG_CXX_LIBRARY = "libc++";
				CLANG_ENABLE_MODULES = YES;
				CLANG_ENABLE_OBJC_ARC = YES;
				CLANG_WARN_BOOL_CONVERSION = YES;
				CLANG_WARN_CONSTANT_CONVERSION = YES;
				CLANG_WARN_DIRECT_OBJC_ISA_USAGE = YES_ERROR;
				CLANG_WARN_EMPTY_BODY = YES;
				CLANG_WARN_ENUM_CONVERSION = YES;
				CLANG_WARN_INT_CONVERSION = YES;
				CLANG_WARN_OBJC_ROOT_CLASS = YES_ERROR;
				CLANG_WARN_UNREACHABLE_CODE = YES;
				CLANG_WARN__DUPLICATE_METHOD_MATCH = YES;
				"CODE_SIGN_IDENTITY[sdk=iphoneos*]" = "iPhone Developer";
				COPY_PHASE_STRIP = NO;
				DEBUG_INFORMATION_FORMAT = "dwarf-with-dsym";
				ENABLE_STRICT_OBJC_MSGSEND = YES;
				GCC_C_LANGUAGE_STANDARD = gnu99;
				GCC_DYNAMIC_NO_PIC = NO;
				GCC_NO_COMMON_BLOCKS = YES;
				GCC_OPTIMIZATION_LEVEL = 0;
				GCC_PREPROCESSOR_DEFINITIONS = (
					"DEBUG=1",
					"$(inherited)",
				);
				GCC_SYMBOLS_PRIVATE_EXTERN = NO;
				GCC_WARN_64_TO_32_BIT_CONVERSION = YES;
				GCC_WARN_ABOUT_RETURN_TYPE = YES_ERROR;
				GCC_WARN_UNDECLARED_SELECTOR = YES;
				GCC_WARN_UNINITIALIZED_AUTOS = YES_AGGRESSIVE;
				GCC_WARN_UNUSED_FUNCTION = YES;
				GCC_WARN_UNUSED_VARIABLE = YES;
				IPHONEOS_DEPLOYMENT_TARGET = 8.4;
				MTL_ENABLE_DEBUG_INFO = YES;
				ONLY_ACTIVE_ARCH = YES;
				SDKROOT = iphoneos;
				SWIFT_OPTIMIZATION_LEVEL = "-Onone";
				TARGETED_DEVICE_FAMILY = "1,2";
			};
			name = Debug;
		};
		28579D121B7AAFBA0099A270 /* Release */ = {
			isa = XCBuildConfiguration;
			buildSettings = {
				ALWAYS_SEARCH_USER_PATHS = NO;
				CLANG_CXX_LANGUAGE_STANDARD = "gnu++0x";
				CLANG_CXX_LIBRARY = "libc++";
				CLANG_ENABLE_MODULES = YES;
				CLANG_ENABLE_OBJC_ARC = YES;
				CLANG_WARN_BOOL_CONVERSION = YES;
				CLANG_WARN_CONSTANT_CONVERSION = YES;
				CLANG_WARN_DIRECT_OBJC_ISA_USAGE = YES_ERROR;
				CLANG_WARN_EMPTY_BODY = YES;
				CLANG_WARN_ENUM_CONVERSION = YES;
				CLANG_WARN_INT_CONVERSION = YES;
				CLANG_WARN_OBJC_ROOT_CLASS = YES_ERROR;
				CLANG_WARN_UNREACHABLE_CODE = YES;
				CLANG_WARN__DUPLICATE_METHOD_MATCH = YES;
				"CODE_SIGN_IDENTITY[sdk=iphoneos*]" = "iPhone Developer";
				COPY_PHASE_STRIP = NO;
				DEBUG_INFORMATION_FORMAT = "dwarf-with-dsym";
				ENABLE_NS_ASSERTIONS = NO;
				ENABLE_STRICT_OBJC_MSGSEND = YES;
				GCC_C_LANGUAGE_STANDARD = gnu99;
				GCC_NO_COMMON_BLOCKS = YES;
				GCC_WARN_64_TO_32_BIT_CONVERSION = YES;
				GCC_WARN_ABOUT_RETURN_TYPE = YES_ERROR;
				GCC_WARN_UNDECLARED_SELECTOR = YES;
				GCC_WARN_UNINITIALIZED_AUTOS = YES_AGGRESSIVE;
				GCC_WARN_UNUSED_FUNCTION = YES;
				GCC_WARN_UNUSED_VARIABLE = YES;
				IPHONEOS_DEPLOYMENT_TARGET = 8.4;
				MTL_ENABLE_DEBUG_INFO = NO;
				SDKROOT = iphoneos;
				TARGETED_DEVICE_FAMILY = "1,2";
				VALIDATE_PRODUCT = YES;
			};
			name = Release;
		};
		28579D141B7AAFBA0099A270 /* Debug */ = {
			isa = XCBuildConfiguration;
			buildSettings = {
				ASSETCATALOG_COMPILER_APPICON_NAME = AppIcon;
				INFOPLIST_FILE = CraveFinal/Info.plist;
				LD_RUNPATH_SEARCH_PATHS = "$(inherited) @executable_path/Frameworks";
				PRODUCT_NAME = "$(TARGET_NAME)";
			};
			name = Debug;
		};
		28579D151B7AAFBA0099A270 /* Release */ = {
			isa = XCBuildConfiguration;
			buildSettings = {
				ASSETCATALOG_COMPILER_APPICON_NAME = AppIcon;
				INFOPLIST_FILE = CraveFinal/Info.plist;
				LD_RUNPATH_SEARCH_PATHS = "$(inherited) @executable_path/Frameworks";
				PRODUCT_NAME = "$(TARGET_NAME)";
			};
			name = Release;
		};
		28579D171B7AAFBA0099A270 /* Debug */ = {
			isa = XCBuildConfiguration;
			buildSettings = {
				BUNDLE_LOADER = "$(TEST_HOST)";
				FRAMEWORK_SEARCH_PATHS = (
					"$(SDKROOT)/Developer/Library/Frameworks",
					"$(inherited)",
				);
				GCC_PREPROCESSOR_DEFINITIONS = (
					"DEBUG=1",
					"$(inherited)",
				);
				INFOPLIST_FILE = CraveFinalTests/Info.plist;
				LD_RUNPATH_SEARCH_PATHS = "$(inherited) @executable_path/Frameworks @loader_path/Frameworks";
				PRODUCT_NAME = "$(TARGET_NAME)";
				TEST_HOST = "$(BUILT_PRODUCTS_DIR)/CraveFinal.app/CraveFinal";
			};
			name = Debug;
		};
		28579D181B7AAFBA0099A270 /* Release */ = {
			isa = XCBuildConfiguration;
			buildSettings = {
				BUNDLE_LOADER = "$(TEST_HOST)";
				FRAMEWORK_SEARCH_PATHS = (
					"$(SDKROOT)/Developer/Library/Frameworks",
					"$(inherited)",
				);
				INFOPLIST_FILE = CraveFinalTests/Info.plist;
				LD_RUNPATH_SEARCH_PATHS = "$(inherited) @executable_path/Frameworks @loader_path/Frameworks";
				PRODUCT_NAME = "$(TARGET_NAME)";
				TEST_HOST = "$(BUILT_PRODUCTS_DIR)/CraveFinal.app/CraveFinal";
			};
			name = Release;
		};
/* End XCBuildConfiguration section */

/* Begin XCConfigurationList section */
		28579CEF1B7AAFBA0099A270 /* Build configuration list for PBXProject "CraveFinal" */ = {
			isa = XCConfigurationList;
			buildConfigurations = (
				28579D111B7AAFBA0099A270 /* Debug */,
				28579D121B7AAFBA0099A270 /* Release */,
			);
			defaultConfigurationIsVisible = 0;
			defaultConfigurationName = Release;
		};
		28579D131B7AAFBA0099A270 /* Build configuration list for PBXNativeTarget "CraveFinal" */ = {
			isa = XCConfigurationList;
			buildConfigurations = (
				28579D141B7AAFBA0099A270 /* Debug */,
				28579D151B7AAFBA0099A270 /* Release */,
			);
			defaultConfigurationIsVisible = 0;
		};
		28579D161B7AAFBA0099A270 /* Build configuration list for PBXNativeTarget "CraveFinalTests" */ = {
			isa = XCConfigurationList;
			buildConfigurations = (
				28579D171B7AAFBA0099A270 /* Debug */,
				28579D181B7AAFBA0099A270 /* Release */,
			);
			defaultConfigurationIsVisible = 0;
		};
/* End XCConfigurationList section */
	};
	rootObject = 28579CEC1B7AAFBA0099A270 /* Project object */;
}
